
Microsoft Visual Studio Solution File, Format Version 12.00
# Visual Studio Version 16
VisualStudioVersion = 16.0.32929.386
MinimumVisualStudioVersion = 10.0.40219.1
Project("{FAE04EC0-301F-11D3-BF4B-00C04F79EFBC}") = "genericlb", "genericlb\genericlb.csproj", "{AD541945-2310-478A-8732-5759D8316F7B}"
EndProject
Global
	GlobalSection(SolutionConfigurationPlatforms) = preSolution
		Debug|Any CPU = Debug|Any CPU
		Release|Any CPU = Release|Any CPU
	EndGlobalSection
	GlobalSection(ProjectConfigurationPlatforms) = postSolution
		{AD541945-2310-478A-8732-5759D8316F7B}.Debug|Any CPU.ActiveCfg = Debug|Any CPU
		{AD541945-2310-478A-8732-5759D8316F7B}.Debug|Any CPU.Build.0 = Debug|Any CPU
		{AD541945-2310-478A-8732-5759D8316F7B}.Release|Any CPU.ActiveCfg = Release|Any CPU
		{AD541945-2310-478A-8732-5759D8316F7B}.Release|Any CPU.Build.0 = Release|Any CPU
	EndGlobalSection
	GlobalSection(SolutionProperties) = preSolution
		HideSolutionNode = FALSE
	EndGlobalSection
	GlobalSection(ExtensibilityGlobals) = postSolution
		SolutionGuid = {46C93999-25B3-4F11-90B6-7905642D8192}
	EndGlobalSection
EndGlobal
